
Microsoft Visual Studio Solution File, Format Version 12.00
# Visual Studio 2010
Project("{FAE04EC0-301F-11D3-BF4B-00C04F79EFBC}") = "P3DDebinarizer", "src\P3DDebinarizer.csproj", "{A8DEDBF7-7D4F-48B9-AD95-530D8AE59460}"
EndProject
Project("{FAE04EC0-301F-11D3-BF4B-00C04F79EFBC}") = "P3DDebinarizer.Tests", "tests\P3DDebinarizer.Tests.csproj", "{E240662B-E6F1-4740-82AE-1801C24DBD3C}"
EndProject
Global
	GlobalSection(SolutionConfigurationPlatforms) = preSolution
		Debug|Any CPU = Debug|Any CPU
		Debug|x64 = Debug|x64
		Debug|x86 = Debug|x86
		Release|Any CPU = Release|Any CPU
		Release|x64 = Release|x64
		Release|x86 = Release|x86
	EndGlobalSection
	GlobalSection(ProjectConfigurationPlatforms) = postSolution
		{A8DEDBF7-7D4F-48B9-AD95-530D8AE59460}.Debug|Any CPU.ActiveCfg = Debug|Any CPU
		{A8DEDBF7-7D4F-48B9-AD95-530D8AE59460}.Debug|Any CPU.Build.0 = Debug|Any CPU
		{A8DEDBF7-7D4F-48B9-AD95-530D8AE59460}.Debug|x64.ActiveCfg = Debug|Any CPU
		{A8DEDBF7-7D4F-48B9-AD95-530D8AE59460}.Debug|x64.Build.0 = Debug|Any CPU
		{A8DEDBF7-7D4F-48B9-AD95-530D8AE59460}.Debug|x86.ActiveCfg = Debug|Any CPU
		{A8DEDBF7-7D4F-48B9-AD95-530D8AE59460}.Debug|x86.Build.0 = Debug|Any CPU
		{A8DEDBF7-7D4F-48B9-AD95-530D8AE59460}.Release|Any CPU.ActiveCfg = Release|Any CPU
		{A8DEDBF7-7D4F-48B9-AD95-530D8AE59460}.Release|Any CPU.Build.0 = Release|Any CPU
		{A8DEDBF7-7D4F-48B9-AD95-530D8AE59460}.Release|x64.ActiveCfg = Release|Any CPU
		{A8DEDBF7-7D4F-48B9-AD95-530D8AE59460}.Release|x64.Build.0 = Release|Any CPU
		{A8DEDBF7-7D4F-48B9-AD95-530D8AE59460}.Release|x86.ActiveCfg = Release|Any CPU
		{A8DEDBF7-7D4F-48B9-AD95-530D8AE59460}.Release|x86.Build.0 = Release|Any CPU
		{E240662B-E6F1-4740-82AE-1801C24DBD3C}.Debug|Any CPU.ActiveCfg = Debug|Any CPU
		{E240662B-E6F1-4740-82AE-1801C24DBD3C}.Debug|Any CPU.Build.0 = Debug|Any CPU
		{E240662B-E6F1-4740-82AE-1801C24DBD3C}.Debug|x64.ActiveCfg = Debug|Any CPU
		{E240662B-E6F1-4740-82AE-1801C24DBD3C}.Debug|x64.Build.0 = Debug|Any CPU
		{E240662B-E6F1-4740-82AE-1801C24DBD3C}.Debug|x86.ActiveCfg = Debug|Any CPU
		{E240662B-E6F1-4740-82AE-1801C24DBD3C}.Debug|x86.Build.0 = Debug|Any CPU
		{E240662B-E6F1-4740-82AE-1801C24DBD3C}.Release|Any CPU.ActiveCfg = Release|Any CPU
		{E240662B-E6F1-4740-82AE-1801C24DBD3C}.Release|Any CPU.Build.0 = Release|Any CPU
		{E240662B-E6F1-4740-82AE-1801C24DBD3C}.Release|x64.ActiveCfg = Release|Any CPU
		{E240662B-E6F1-4740-82AE-1801C24DBD3C}.Release|x64.Build.0 = Release|Any CPU
		{E240662B-E6F1-4740-82AE-1801C24DBD3C}.Release|x86.ActiveCfg = Release|Any CPU
		{E240662B-E6F1-4740-82AE-1801C24DBD3C}.Release|x86.Build.0 = Release|Any CPU
	EndGlobalSection
	GlobalSection(SolutionProperties) = preSolution
		HideSolutionNode = FALSE
	EndGlobalSection
EndGlobal
